
Microsoft Visual Studio Solution File, Format Version 12.00
# Visual Studio 15
VisualStudioVersion = 15.0.28010.2026
MinimumVisualStudioVersion = 10.0.40219.1
Project("{8BC9CEB8-8B4A-11D0-8D11-00A0C91BC942}") = "WindowsTest_000001", "WindowsTest_000001\WindowsTest_000001.vcxproj", "{24547773-AB20-4A06-9C41-EFBE21ADFC76}"
EndProject
Project("{8BC9CEB8-8B4A-11D0-8D11-00A0C91BC942}") = "WindowsTest_000002", "WindowsTest_000002\WindowsTest_000002.vcxproj", "{B84FBC92-DD7E-429B-9BEB-0DC0021CB8A4}"
EndProject
Project("{8BC9CEB8-8B4A-11D0-8D11-00A0C91BC942}") = "typedef_interestingtest", "typedef_interestingtest\typedef_interestingtest.vcxproj", "{B8F90BB9-71ED-4809-A2D2-4D00DF31F5EB}"
EndProject
Global
	GlobalSection(SolutionConfigurationPlatforms) = preSolution
		Debug|x64 = Debug|x64
		Debug|x86 = Debug|x86
		Release|x64 = Release|x64
		Release|x86 = Release|x86
	EndGlobalSection
	GlobalSection(ProjectConfigurationPlatforms) = postSolution
		{24547773-AB20-4A06-9C41-EFBE21ADFC76}.Debug|x64.ActiveCfg = Debug|x64
		{24547773-AB20-4A06-9C41-EFBE21ADFC76}.Debug|x64.Build.0 = Debug|x64
		{24547773-AB20-4A06-9C41-EFBE21ADFC76}.Debug|x86.ActiveCfg = Debug|Win32
		{24547773-AB20-4A06-9C41-EFBE21ADFC76}.Debug|x86.Build.0 = Debug|Win32
		{24547773-AB20-4A06-9C41-EFBE21ADFC76}.Release|x64.ActiveCfg = Release|x64
		{24547773-AB20-4A06-9C41-EFBE21ADFC76}.Release|x64.Build.0 = Release|x64
		{24547773-AB20-4A06-9C41-EFBE21ADFC76}.Release|x86.ActiveCfg = Release|Win32
		{24547773-AB20-4A06-9C41-EFBE21ADFC76}.Release|x86.Build.0 = Release|Win32
		{B84FBC92-DD7E-429B-9BEB-0DC0021CB8A4}.Debug|x64.ActiveCfg = Debug|x64
		{B84FBC92-DD7E-429B-9BEB-0DC0021CB8A4}.Debug|x64.Build.0 = Debug|x64
		{B84FBC92-DD7E-429B-9BEB-0DC0021CB8A4}.Debug|x86.ActiveCfg = Debug|Win32
		{B84FBC92-DD7E-429B-9BEB-0DC0021CB8A4}.Debug|x86.Build.0 = Debug|Win32
		{B84FBC92-DD7E-429B-9BEB-0DC0021CB8A4}.Release|x64.ActiveCfg = Release|x64
		{B84FBC92-DD7E-429B-9BEB-0DC0021CB8A4}.Release|x64.Build.0 = Release|x64
		{B84FBC92-DD7E-429B-9BEB-0DC0021CB8A4}.Release|x86.ActiveCfg = Release|Win32
		{B84FBC92-DD7E-429B-9BEB-0DC0021CB8A4}.Release|x86.Build.0 = Release|Win32
		{B8F90BB9-71ED-4809-A2D2-4D00DF31F5EB}.Debug|x64.ActiveCfg = Debug|x64
		{B8F90BB9-71ED-4809-A2D2-4D00DF31F5EB}.Debug|x64.Build.0 = Debug|x64
		{B8F90BB9-71ED-4809-A2D2-4D00DF31F5EB}.Debug|x86.ActiveCfg = Debug|Win32
		{B8F90BB9-71ED-4809-A2D2-4D00DF31F5EB}.Debug|x86.Build.0 = Debug|Win32
		{B8F90BB9-71ED-4809-A2D2-4D00DF31F5EB}.Release|x64.ActiveCfg = Release|x64
		{B8F90BB9-71ED-4809-A2D2-4D00DF31F5EB}.Release|x64.Build.0 = Release|x64
		{B8F90BB9-71ED-4809-A2D2-4D00DF31F5EB}.Release|x86.ActiveCfg = Release|Win32
		{B8F90BB9-71ED-4809-A2D2-4D00DF31F5EB}.Release|x86.Build.0 = Release|Win32
	EndGlobalSection
	GlobalSection(SolutionProperties) = preSolution
		HideSolutionNode = FALSE
	EndGlobalSection
	GlobalSection(ExtensibilityGlobals) = postSolution
		SolutionGuid = {E911F992-5D71-4FD7-9076-A4A9A37BEFE2}
	EndGlobalSection
EndGlobal
